
Microsoft Visual Studio Solution File, Format Version 12.00
# Visual Studio Version 17
VisualStudioVersion = 17.5.33530.505
MinimumVisualStudioVersion = 10.0.40219.1
Project("{9A19103F-16F7-4668-BE54-9A1E7A4F7556}") = "LiveChartsV2Sample001", "LiveChartsV2Sample001\LiveChartsV2Sample001.csproj", "{E69A18C6-1C15-4E5E-B5B9-2573456B6E62}"
EndProject
Project("{9A19103F-16F7-4668-BE54-9A1E7A4F7556}") = "BindingLibrary", "BindingLibrary\BindingLibrary.csproj", "{0E18C604-BAA7-4BCC-9631-231C451DC128}"
EndProject
Project("{9A19103F-16F7-4668-BE54-9A1E7A4F7556}") = "LiveChartsV2Sample002", "LiveChartsV2Sample002\LiveChartsV2Sample002.csproj", "{EB692891-8A7C-4E40-AFED-E5B99EBDE95B}"
EndProject
Project("{9A19103F-16F7-4668-BE54-9A1E7A4F7556}") = "LiveChartsV2Sample003", "LiveChartsV2Sample003\LiveChartsV2Sample003.csproj", "{167852F8-1B1F-4A26-A0E2-A27F19B01D49}"
EndProject
Project("{FAE04EC0-301F-11D3-BF4B-00C04F79EFBC}") = "LiveChartsV2Sample004", "LiveChartsV2Sample004\LiveChartsV2Sample004.csproj", "{452348AB-5835-4A66-8C6F-0139E92FC44A}"
EndProject
Global
	GlobalSection(SolutionConfigurationPlatforms) = preSolution
		Debug|Any CPU = Debug|Any CPU
		Release|Any CPU = Release|Any CPU
	EndGlobalSection
	GlobalSection(ProjectConfigurationPlatforms) = postSolution
		{E69A18C6-1C15-4E5E-B5B9-2573456B6E62}.Debug|Any CPU.ActiveCfg = Debug|Any CPU
		{E69A18C6-1C15-4E5E-B5B9-2573456B6E62}.Debug|Any CPU.Build.0 = Debug|Any CPU
		{E69A18C6-1C15-4E5E-B5B9-2573456B6E62}.Release|Any CPU.ActiveCfg = Release|Any CPU
		{E69A18C6-1C15-4E5E-B5B9-2573456B6E62}.Release|Any CPU.Build.0 = Release|Any CPU
		{0E18C604-BAA7-4BCC-9631-231C451DC128}.Debug|Any CPU.ActiveCfg = Debug|Any CPU
		{0E18C604-BAA7-4BCC-9631-231C451DC128}.Debug|Any CPU.Build.0 = Debug|Any CPU
		{0E18C604-BAA7-4BCC-9631-231C451DC128}.Release|Any CPU.ActiveCfg = Release|Any CPU
		{0E18C604-BAA7-4BCC-9631-231C451DC128}.Release|Any CPU.Build.0 = Release|Any CPU
		{EB692891-8A7C-4E40-AFED-E5B99EBDE95B}.Debug|Any CPU.ActiveCfg = Debug|Any CPU
		{EB692891-8A7C-4E40-AFED-E5B99EBDE95B}.Debug|Any CPU.Build.0 = Debug|Any CPU
		{EB692891-8A7C-4E40-AFED-E5B99EBDE95B}.Release|Any CPU.ActiveCfg = Release|Any CPU
		{EB692891-8A7C-4E40-AFED-E5B99EBDE95B}.Release|Any CPU.Build.0 = Release|Any CPU
		{167852F8-1B1F-4A26-A0E2-A27F19B01D49}.Debug|Any CPU.ActiveCfg = Debug|Any CPU
		{167852F8-1B1F-4A26-A0E2-A27F19B01D49}.Debug|Any CPU.Build.0 = Debug|Any CPU
		{167852F8-1B1F-4A26-A0E2-A27F19B01D49}.Release|Any CPU.ActiveCfg = Release|Any CPU
		{167852F8-1B1F-4A26-A0E2-A27F19B01D49}.Release|Any CPU.Build.0 = Release|Any CPU
		{452348AB-5835-4A66-8C6F-0139E92FC44A}.Debug|Any CPU.ActiveCfg = Debug|Any CPU
		{452348AB-5835-4A66-8C6F-0139E92FC44A}.Debug|Any CPU.Build.0 = Debug|Any CPU
		{452348AB-5835-4A66-8C6F-0139E92FC44A}.Release|Any CPU.ActiveCfg = Release|Any CPU
		{452348AB-5835-4A66-8C6F-0139E92FC44A}.Release|Any CPU.Build.0 = Release|Any CPU
	EndGlobalSection
	GlobalSection(SolutionProperties) = preSolution
		HideSolutionNode = FALSE
	EndGlobalSection
	GlobalSection(ExtensibilityGlobals) = postSolution
		SolutionGuid = {88C02BD6-29AB-43D4-830B-C3F423BA8137}
	EndGlobalSection
EndGlobal
